
Microsoft Visual Studio Solution File, Format Version 12.00
# Visual Studio Version 17
VisualStudioVersion = 17.9.34723.18
MinimumVisualStudioVersion = 10.0.40219.1
Project("{FAE04EC0-301F-11D3-BF4B-00C04F79EFBC}") = "UsersApp", "UsersApp\UsersApp.csproj", "{D2DBEA7D-10C5-465F-800D-F8152D13580C}"
	ProjectSection(ProjectDependencies) = postProject
		{3DD163F7-6A6A-4009-AED4-12B875FDD00A} = {3DD163F7-6A6A-4009-AED4-12B875FDD00A}
	EndProjectSection
EndProject
Project("{FAE04EC0-301F-11D3-BF4B-00C04F79EFBC}") = "Database", "Database\Database.csproj", "{3DD163F7-6A6A-4009-AED4-12B875FDD00A}"
EndProject
Global
	GlobalSection(SolutionConfigurationPlatforms) = preSolution
		Debug|Any CPU = Debug|Any CPU
		Release|Any CPU = Release|Any CPU
	EndGlobalSection
	GlobalSection(ProjectConfigurationPlatforms) = postSolution
		{D2DBEA7D-10C5-465F-800D-F8152D13580C}.Debug|Any CPU.ActiveCfg = Debug|Any CPU
		{D2DBEA7D-10C5-465F-800D-F8152D13580C}.Debug|Any CPU.Build.0 = Debug|Any CPU
		{D2DBEA7D-10C5-465F-800D-F8152D13580C}.Release|Any CPU.ActiveCfg = Release|Any CPU
		{D2DBEA7D-10C5-465F-800D-F8152D13580C}.Release|Any CPU.Build.0 = Release|Any CPU
		{3DD163F7-6A6A-4009-AED4-12B875FDD00A}.Debug|Any CPU.ActiveCfg = Debug|Any CPU
		{3DD163F7-6A6A-4009-AED4-12B875FDD00A}.Debug|Any CPU.Build.0 = Debug|Any CPU
		{3DD163F7-6A6A-4009-AED4-12B875FDD00A}.Release|Any CPU.ActiveCfg = Release|Any CPU
		{3DD163F7-6A6A-4009-AED4-12B875FDD00A}.Release|Any CPU.Build.0 = Release|Any CPU
	EndGlobalSection
	GlobalSection(SolutionProperties) = preSolution
		HideSolutionNode = FALSE
	EndGlobalSection
	GlobalSection(ExtensibilityGlobals) = postSolution
		SolutionGuid = {84B308E0-BEB7-41CB-9EDB-A50F939C97FE}
	EndGlobalSection
EndGlobal
